
Microsoft Visual Studio Solution File, Format Version 12.00
# Visual Studio Version 17
VisualStudioVersion = 17.14.36518.9
MinimumVisualStudioVersion = 10.0.40219.1
Project("{FAE04EC0-301F-11D3-BF4B-00C04F79EFBC}") = "Newsletter", "Newsletter.csproj", "{E5800478-EEF9-463A-9BEF-197DD95F661A}"
EndProject
Project("{FAE04EC0-301F-11D3-BF4B-00C04F79EFBC}") = "Newsletter.UnitTests", "..\Newsletter.UnitTests\Newsletter.UnitTests.csproj", "{06BF97E0-5D47-4FF6-B338-67BD61C543C2}"
EndProject
Global
	GlobalSection(SolutionConfigurationPlatforms) = preSolution
		Debug|Any CPU = Debug|Any CPU
		Release|Any CPU = Release|Any CPU
	EndGlobalSection
	GlobalSection(ProjectConfigurationPlatforms) = postSolution
		{E5800478-EEF9-463A-9BEF-197DD95F661A}.Debug|Any CPU.ActiveCfg = Debug|Any CPU
		{E5800478-EEF9-463A-9BEF-197DD95F661A}.Debug|Any CPU.Build.0 = Debug|Any CPU
		{E5800478-EEF9-463A-9BEF-197DD95F661A}.Release|Any CPU.ActiveCfg = Release|Any CPU
		{E5800478-EEF9-463A-9BEF-197DD95F661A}.Release|Any CPU.Build.0 = Release|Any CPU
		{06BF97E0-5D47-4FF6-B338-67BD61C543C2}.Debug|Any CPU.ActiveCfg = Debug|Any CPU
		{06BF97E0-5D47-4FF6-B338-67BD61C543C2}.Debug|Any CPU.Build.0 = Debug|Any CPU
		{06BF97E0-5D47-4FF6-B338-67BD61C543C2}.Release|Any CPU.ActiveCfg = Release|Any CPU
		{06BF97E0-5D47-4FF6-B338-67BD61C543C2}.Release|Any CPU.Build.0 = Release|Any CPU
	EndGlobalSection
	GlobalSection(SolutionProperties) = preSolution
		HideSolutionNode = FALSE
	EndGlobalSection
	GlobalSection(ExtensibilityGlobals) = postSolution
		SolutionGuid = {937EE524-26A9-4BAD-94D2-7F84B30A933B}
	EndGlobalSection
EndGlobal
